
Microsoft Visual Studio Solution File, Format Version 12.00
# Visual Studio Version 17
VisualStudioVersion = 17.9.34701.34
MinimumVisualStudioVersion = 10.0.40219.1
Project("{FAE04EC0-301F-11D3-BF4B-00C04F79EFBC}") = "SebastianLargo_TallerMVC2", "SebastianLargo_TallerMVC2.csproj", "{640EFFA0-ED19-458D-BC95-FB006F8AAF85}"
EndProject
Global
	GlobalSection(SolutionConfigurationPlatforms) = preSolution
		Debug|Any CPU = Debug|Any CPU
		Release|Any CPU = Release|Any CPU
	EndGlobalSection
	GlobalSection(ProjectConfigurationPlatforms) = postSolution
		{640EFFA0-ED19-458D-BC95-FB006F8AAF85}.Debug|Any CPU.ActiveCfg = Debug|Any CPU
		{640EFFA0-ED19-458D-BC95-FB006F8AAF85}.Debug|Any CPU.Build.0 = Debug|Any CPU
		{640EFFA0-ED19-458D-BC95-FB006F8AAF85}.Release|Any CPU.ActiveCfg = Release|Any CPU
		{640EFFA0-ED19-458D-BC95-FB006F8AAF85}.Release|Any CPU.Build.0 = Release|Any CPU
	EndGlobalSection
	GlobalSection(SolutionProperties) = preSolution
		HideSolutionNode = FALSE
	EndGlobalSection
	GlobalSection(ExtensibilityGlobals) = postSolution
		SolutionGuid = {C253BDF1-3533-45FE-B1E5-41F37A8E0F92}
	EndGlobalSection
EndGlobal
